
Microsoft Visual Studio Solution File, Format Version 12.00
# Visual Studio Version 17
VisualStudioVersion = 17.5.33402.96
MinimumVisualStudioVersion = 10.0.40219.1
Project("{2150E333-8FDC-42A3-9474-1A3956D46DE8}") = "src", "src", "{5A954599-DAE6-45A3-A4EE-E938E3CE529C}"
	ProjectSection(SolutionItems) = preProject
		src\README.md = src\README.md
	EndProjectSection
EndProject
Project("{2150E333-8FDC-42A3-9474-1A3956D46DE8}") = "docs", "docs", "{79C78861-C41F-4656-AF3F-D31DEFB6A5EB}"
	ProjectSection(SolutionItems) = preProject
		docs\GETTING_STARTED.md = docs\GETTING_STARTED.md
		docs\README.md = docs\README.md
	EndProjectSection
EndProject
Project("{2150E333-8FDC-42A3-9474-1A3956D46DE8}") = "mobile-app", "mobile-app", "{C82FB067-799A-46EA-B6D9-A28406C710E2}"
EndProject
Project("{2150E333-8FDC-42A3-9474-1A3956D46DE8}") = "nft-market", "nft-market", "{9710BD16-0709-4F6E-8813-DEE82F5DC586}"
EndProject
Project("{2150E333-8FDC-42A3-9474-1A3956D46DE8}") = "charities", "charities", "{63059FC5-3711-41CA-A054-5E92F02E8817}"
EndProject
Project("{2150E333-8FDC-42A3-9474-1A3956D46DE8}") = "metaverse", "metaverse", "{B9C86247-2C81-404E-A648-757D3E7EA2FC}"
EndProject
Project("{2150E333-8FDC-42A3-9474-1A3956D46DE8}") = "official-website", "official-website", "{7A9EFF7D-7B83-4776-BB35-A00EBA755F84}"
	ProjectSection(SolutionItems) = preProject
		src\garden-bot\version = src\garden-bot\version
	EndProjectSection
EndProject
Project("{9A19103F-16F7-4668-BE54-9A1E7A4F7556}") = "CoinGardenWorld.Web", "src\official-website\CoinGardenWorld.Web\CoinGardenWorld.Web.csproj", "{E42ECBC4-7574-4DDB-9D76-19E7CFF229FF}"
EndProject
Project("{9A19103F-16F7-4668-BE54-9A1E7A4F7556}") = "CoinGardenWorld.Theme", "src\official-website\CoinGardenWorld.Theme\CoinGardenWorld.Theme.csproj", "{60A91CC8-892A-477E-B7BF-80E2A758C4ED}"
EndProject
Project("{2150E333-8FDC-42A3-9474-1A3956D46DE8}") = ".github", ".github", "{AC85AF5C-1D1B-4437-9FE3-0E4D4B76BDE7}"
EndProject
Project("{2150E333-8FDC-42A3-9474-1A3956D46DE8}") = "workflows", "workflows", "{FE1146FC-6058-40A1-B983-9D9B8D3104FC}"
	ProjectSection(SolutionItems) = preProject
		.github\workflows\official-site-azure-static-web-apps.yml = .github\workflows\official-site-azure-static-web-apps.yml
	EndProjectSection
EndProject
Project("{2150E333-8FDC-42A3-9474-1A3956D46DE8}") = "garden-bot", "garden-bot", "{8974AD58-BA97-411E-86FC-958DE2F20E8D}"
	ProjectSection(SolutionItems) = preProject
		src\garden-bot\version = src\garden-bot\version
	EndProjectSection
EndProject
Project("{9A19103F-16F7-4668-BE54-9A1E7A4F7556}") = "CoinGardenBotCore", "src\garden-bot\CoinGardenBotCore\CoinGardenBotCore\CoinGardenBotCore.csproj", "{B8CDCF6A-275F-44CC-8D64-42B3E17D9186}"
EndProject
Project("{9A19103F-16F7-4668-BE54-9A1E7A4F7556}") = "CoinGardenBotCore_Api", "src\garden-bot\CoinGardenBotCore.Api\CoinGardenBotCore_Api.csproj", "{0A546DB2-1E49-4E01-8CB2-45C447458C3E}"
EndProject
Project("{2150E333-8FDC-42A3-9474-1A3956D46DE8}") = "Solution Items", "Solution Items", "{C5FE5DF1-B6A8-447F-9C6D-61D4EFE1A265}"
	ProjectSection(SolutionItems) = preProject
		README.md = README.md
	EndProjectSection
EndProject
Project("{9A19103F-16F7-4668-BE54-9A1E7A4F7556}") = "CoinGardenBotCore.Web", "src\garden-bot\CoinGardenBotCore.Web\CoinGardenBotCore.Web.csproj", "{9B10727A-514D-40E2-AD2F-E5A756198F0C}"
EndProject
Global
	GlobalSection(SolutionConfigurationPlatforms) = preSolution
		Debug|Any CPU = Debug|Any CPU
		Release|Any CPU = Release|Any CPU
	EndGlobalSection
	GlobalSection(ProjectConfigurationPlatforms) = postSolution
		{E42ECBC4-7574-4DDB-9D76-19E7CFF229FF}.Debug|Any CPU.ActiveCfg = Debug|Any CPU
		{E42ECBC4-7574-4DDB-9D76-19E7CFF229FF}.Debug|Any CPU.Build.0 = Debug|Any CPU
		{E42ECBC4-7574-4DDB-9D76-19E7CFF229FF}.Release|Any CPU.ActiveCfg = Release|Any CPU
		{E42ECBC4-7574-4DDB-9D76-19E7CFF229FF}.Release|Any CPU.Build.0 = Release|Any CPU
		{60A91CC8-892A-477E-B7BF-80E2A758C4ED}.Debug|Any CPU.ActiveCfg = Debug|Any CPU
		{60A91CC8-892A-477E-B7BF-80E2A758C4ED}.Debug|Any CPU.Build.0 = Debug|Any CPU
		{60A91CC8-892A-477E-B7BF-80E2A758C4ED}.Release|Any CPU.ActiveCfg = Release|Any CPU
		{60A91CC8-892A-477E-B7BF-80E2A758C4ED}.Release|Any CPU.Build.0 = Release|Any CPU
		{B8CDCF6A-275F-44CC-8D64-42B3E17D9186}.Debug|Any CPU.ActiveCfg = Debug|Any CPU
		{B8CDCF6A-275F-44CC-8D64-42B3E17D9186}.Debug|Any CPU.Build.0 = Debug|Any CPU
		{B8CDCF6A-275F-44CC-8D64-42B3E17D9186}.Release|Any CPU.ActiveCfg = Release|Any CPU
		{B8CDCF6A-275F-44CC-8D64-42B3E17D9186}.Release|Any CPU.Build.0 = Release|Any CPU
		{0A546DB2-1E49-4E01-8CB2-45C447458C3E}.Debug|Any CPU.ActiveCfg = Debug|Any CPU
		{0A546DB2-1E49-4E01-8CB2-45C447458C3E}.Debug|Any CPU.Build.0 = Debug|Any CPU
		{0A546DB2-1E49-4E01-8CB2-45C447458C3E}.Release|Any CPU.ActiveCfg = Release|Any CPU
		{0A546DB2-1E49-4E01-8CB2-45C447458C3E}.Release|Any CPU.Build.0 = Release|Any CPU
		{9B10727A-514D-40E2-AD2F-E5A756198F0C}.Debug|Any CPU.ActiveCfg = Debug|Any CPU
		{9B10727A-514D-40E2-AD2F-E5A756198F0C}.Debug|Any CPU.Build.0 = Debug|Any CPU
		{9B10727A-514D-40E2-AD2F-E5A756198F0C}.Release|Any CPU.ActiveCfg = Release|Any CPU
		{9B10727A-514D-40E2-AD2F-E5A756198F0C}.Release|Any CPU.Build.0 = Release|Any CPU
	EndGlobalSection
	GlobalSection(SolutionProperties) = preSolution
		HideSolutionNode = FALSE
	EndGlobalSection
	GlobalSection(NestedProjects) = preSolution
		{C82FB067-799A-46EA-B6D9-A28406C710E2} = {5A954599-DAE6-45A3-A4EE-E938E3CE529C}
		{9710BD16-0709-4F6E-8813-DEE82F5DC586} = {5A954599-DAE6-45A3-A4EE-E938E3CE529C}
		{63059FC5-3711-41CA-A054-5E92F02E8817} = {5A954599-DAE6-45A3-A4EE-E938E3CE529C}
		{B9C86247-2C81-404E-A648-757D3E7EA2FC} = {5A954599-DAE6-45A3-A4EE-E938E3CE529C}
		{7A9EFF7D-7B83-4776-BB35-A00EBA755F84} = {5A954599-DAE6-45A3-A4EE-E938E3CE529C}
		{E42ECBC4-7574-4DDB-9D76-19E7CFF229FF} = {7A9EFF7D-7B83-4776-BB35-A00EBA755F84}
		{60A91CC8-892A-477E-B7BF-80E2A758C4ED} = {7A9EFF7D-7B83-4776-BB35-A00EBA755F84}
		{FE1146FC-6058-40A1-B983-9D9B8D3104FC} = {AC85AF5C-1D1B-4437-9FE3-0E4D4B76BDE7}
		{8974AD58-BA97-411E-86FC-958DE2F20E8D} = {5A954599-DAE6-45A3-A4EE-E938E3CE529C}
		{B8CDCF6A-275F-44CC-8D64-42B3E17D9186} = {8974AD58-BA97-411E-86FC-958DE2F20E8D}
		{0A546DB2-1E49-4E01-8CB2-45C447458C3E} = {8974AD58-BA97-411E-86FC-958DE2F20E8D}
		{9B10727A-514D-40E2-AD2F-E5A756198F0C} = {8974AD58-BA97-411E-86FC-958DE2F20E8D}
	EndGlobalSection
	GlobalSection(ExtensibilityGlobals) = postSolution
		SolutionGuid = {2B807007-EA36-4653-A053-8C35C44D6E25}
	EndGlobalSection
EndGlobal
