
Microsoft Visual Studio Solution File, Format Version 12.00
# Visual Studio Version 16
VisualStudioVersion = 16.0.30503.244
MinimumVisualStudioVersion = 10.0.40219.1
Project("{FAE04EC0-301F-11D3-BF4B-00C04F79EFBC}") = "CoinGardenBotCore", "CoinGardenBotCore\CoinGardenBotCore.csproj", "{2ECC4162-067A-4469-AB0B-41F4B46626A9}"
EndProject
Global
	GlobalSection(SolutionConfigurationPlatforms) = preSolution
		Debug|Any CPU = Debug|Any CPU
		Release|Any CPU = Release|Any CPU
	EndGlobalSection
	GlobalSection(ProjectConfigurationPlatforms) = postSolution
		{2ECC4162-067A-4469-AB0B-41F4B46626A9}.Debug|Any CPU.ActiveCfg = Debug|Any CPU
		{2ECC4162-067A-4469-AB0B-41F4B46626A9}.Debug|Any CPU.Build.0 = Debug|Any CPU
		{2ECC4162-067A-4469-AB0B-41F4B46626A9}.Release|Any CPU.ActiveCfg = Release|Any CPU
		{2ECC4162-067A-4469-AB0B-41F4B46626A9}.Release|Any CPU.Build.0 = Release|Any CPU
	EndGlobalSection
	GlobalSection(SolutionProperties) = preSolution
		HideSolutionNode = FALSE
	EndGlobalSection
	GlobalSection(ExtensibilityGlobals) = postSolution
		SolutionGuid = {A7953432-1EA2-4210-A361-62AB7897117D}
	EndGlobalSection
EndGlobal
